github.com/BLSQ/go-hesabu v0.0.0-20181203151455-3bcb3b413f4d h1:T42jAyrIqmqHvMFYWQeDsR/Biy4ZCK03dSYQTUwRcSU=
github.com/BLSQ/go-hesabu v0.0.0-20181203151455-3bcb3b413f4d/go.mod h1:NRWPbS/cKseVwDFxz2iUuwyoF5k9Bumht0lhhw+9qLA=
github.com/Knetic/govaluate v3.0.0+incompatible h1:7o6+MAPhYTCF0+fdvoz1xDedhRb4f6s9Tn1Tt7/WTEg=
github.com/Knetic/govaluate v3.0.0+incompatible/go.mod h1:r7JcOSlj0wfOMncg0iLm8Leh48TZaKVeNIfJntJ2wa0=
github.com/gleicon/go-descriptive-statistics v0.0.0-20130529112640-b8e9f79bb7ee/go.mod h1:jyrA2WjVp9keTvKyyvVbEFgahAdJW1sneMzOnk7GJm0=
github.com/otaviokr/topological-sort v0.0.0-20151010113722-3402042794b2 h1:+9zLTbuGZcB5PeruTnL33Q+JeUuyuViuhakt5FgYq+E=
github.com/otaviokr/topological-sort v0.0.0-20151010113722-3402042794b2/go.mod h1:KpzWQ3T0ULUBzqlU0cpALy/ILcyorNQdkyrxqNXe4FY=
