# This file is autogenerated, do not edit; changes may be undone by the next 'dep ensure'.


[[projects]]
  name = "github.com/Knetic/govaluate"
  packages = ["."]
  revision = "d216395917cc49052c7c7094cf57f09657ca08a8"
  version = "v3.0.0"

[[projects]]
  name = "github.com/otaviokr/topological-sort"
  packages = ["."]
  revision = "3402042794b2ac2ebe1e9a0b0294e16672a14aa7"
  version = "1.0.0"

[solve-meta]
  analyzer-name = "dep"
  analyzer-version = 1
  inputs-digest = "fe42d1dda8eebe160a340a6e611bf70c7652accdd48789e36bc3c6185f01c8d2"
  solver-name = "gps-cdcl"
  solver-version = 1
